
Microsoft Visual Studio Solution File, Format Version 11.00
# Visual Studio 2010
Project("{8BC9CEB8-8B4A-11D0-8D11-00A0C91BC942}") = "VcPngButtonVs2010", "VcPngButtonVs2010\VcPngButtonVs2010.vcxproj", "{5587767A-B8FB-4CA3-89EC-C6115ED842D8}"
EndProject
Global
	GlobalSection(SolutionConfigurationPlatforms) = preSolution
		Debug|Win32 = Debug|Win32
		Release|Win32 = Release|Win32
	EndGlobalSection
	GlobalSection(ProjectConfigurationPlatforms) = postSolution
		{5587767A-B8FB-4CA3-89EC-C6115ED842D8}.Debug|Win32.ActiveCfg = Debug|Win32
		{5587767A-B8FB-4CA3-89EC-C6115ED842D8}.Debug|Win32.Build.0 = Debug|Win32
		{5587767A-B8FB-4CA3-89EC-C6115ED842D8}.Release|Win32.ActiveCfg = Release|Win32
		{5587767A-B8FB-4CA3-89EC-C6115ED842D8}.Release|Win32.Build.0 = Release|Win32
	EndGlobalSection
	GlobalSection(SolutionProperties) = preSolution
		HideSolutionNode = FALSE
	EndGlobalSection
EndGlobal
